
Microsoft Visual Studio Solution File, Format Version 12.00
# Visual Studio Version 17
VisualStudioVersion = 17.8.34330.188
MinimumVisualStudioVersion = 10.0.40219.1
Project("{FAE04EC0-301F-11D3-BF4B-00C04F79EFBC}") = "IdentityFramework", "IdentityFramework.csproj", "{B2AE6AEB-3B48-4F9C-9BD4-8D5410401BE6}"
EndProject
Global
	GlobalSection(SolutionConfigurationPlatforms) = preSolution
		Debug|Any CPU = Debug|Any CPU
		Release|Any CPU = Release|Any CPU
	EndGlobalSection
	GlobalSection(ProjectConfigurationPlatforms) = postSolution
		{B2AE6AEB-3B48-4F9C-9BD4-8D5410401BE6}.Debug|Any CPU.ActiveCfg = Debug|Any CPU
		{B2AE6AEB-3B48-4F9C-9BD4-8D5410401BE6}.Debug|Any CPU.Build.0 = Debug|Any CPU
		{B2AE6AEB-3B48-4F9C-9BD4-8D5410401BE6}.Release|Any CPU.ActiveCfg = Release|Any CPU
		{B2AE6AEB-3B48-4F9C-9BD4-8D5410401BE6}.Release|Any CPU.Build.0 = Release|Any CPU
	EndGlobalSection
	GlobalSection(SolutionProperties) = preSolution
		HideSolutionNode = FALSE
	EndGlobalSection
	GlobalSection(ExtensibilityGlobals) = postSolution
		SolutionGuid = {5C54B90F-1D05-4D3C-8487-844DA1D8FE2D}
	EndGlobalSection
EndGlobal
